
Microsoft Visual Studio Solution File, Format Version 12.00
# Visual Studio Version 16
VisualStudioVersion = 16.0.29215.179
MinimumVisualStudioVersion = 10.0.40219.1
Project("{FAE04EC0-301F-11D3-BF4B-00C04F79EFBC}") = "HeteroPOCs", "HeteroPOCs.csproj", "{174FC00B-1D66-4386-BB2A-7AA0238DA389}"
EndProject
Project("{FAE04EC0-301F-11D3-BF4B-00C04F79EFBC}") = "HeteroPOCs.Tests", "..\HeteroPOCs.Tests\HeteroPOCs.Tests.csproj", "{CAE48417-452E-4DFB-BEE3-81B5704E260A}"
EndProject
Global
	GlobalSection(SolutionConfigurationPlatforms) = preSolution
		Debug|Any CPU = Debug|Any CPU
		Release|Any CPU = Release|Any CPU
	EndGlobalSection
	GlobalSection(ProjectConfigurationPlatforms) = postSolution
		{174FC00B-1D66-4386-BB2A-7AA0238DA389}.Debug|Any CPU.ActiveCfg = Debug|Any CPU
		{174FC00B-1D66-4386-BB2A-7AA0238DA389}.Debug|Any CPU.Build.0 = Debug|Any CPU
		{174FC00B-1D66-4386-BB2A-7AA0238DA389}.Release|Any CPU.ActiveCfg = Release|Any CPU
		{174FC00B-1D66-4386-BB2A-7AA0238DA389}.Release|Any CPU.Build.0 = Release|Any CPU
		{CAE48417-452E-4DFB-BEE3-81B5704E260A}.Debug|Any CPU.ActiveCfg = Debug|Any CPU
		{CAE48417-452E-4DFB-BEE3-81B5704E260A}.Debug|Any CPU.Build.0 = Debug|Any CPU
		{CAE48417-452E-4DFB-BEE3-81B5704E260A}.Release|Any CPU.ActiveCfg = Release|Any CPU
		{CAE48417-452E-4DFB-BEE3-81B5704E260A}.Release|Any CPU.Build.0 = Release|Any CPU
	EndGlobalSection
	GlobalSection(SolutionProperties) = preSolution
		HideSolutionNode = FALSE
	EndGlobalSection
	GlobalSection(ExtensibilityGlobals) = postSolution
		SolutionGuid = {DF9E6EE8-D086-4BF6-B094-A7547E660B67}
	EndGlobalSection
EndGlobal
